// !$*UTF8*$!
{
	archiveVersion = 1;
	classes = {
	};
	objectVersion = 46;
	objects = {

/* Begin PBXBuildFile section */
		66E19C221DF25D4A00277601 /* AppDelegate.swift in Sources */ = {isa = PBXBuildFile; fileRef = 66E19C211DF25D4A00277601 /* AppDelegate.swift */; };
		66E19C241DF25D4A00277601 /* Assets.xcassets in Resources */ = {isa = PBXBuildFile; fileRef = 66E19C231DF25D4A00277601 /* Assets.xcassets */; };
		66E19C271DF25D4A00277601 /* MainMenu.xib in Resources */ = {isa = PBXBuildFile; fileRef = 66E19C251DF25D4A00277601 /* MainMenu.xib */; };
		66E19C321DF25D4B00277601 /* WeatherBarTests.swift in Sources */ = {isa = PBXBuildFile; fileRef = 66E19C311DF25D4B00277601 /* WeatherBarTests.swift */; };
		66E19C3D1DF25D4B00277601 /* WeatherBarUITests.swift in Sources */ = {isa = PBXBuildFile; fileRef = 66E19C3C1DF25D4B00277601 /* WeatherBarUITests.swift */; };
		66E19C4B1DF265FF00277601 /* StatusMenuController.swift in Sources */ = {isa = PBXBuildFile; fileRef = 66E19C4A1DF265FF00277601 /* StatusMenuController.swift */; };
		66E19C4D1DF26A1200277601 /* WeatherAPI.swift in Sources */ = {isa = PBXBuildFile; fileRef = 66E19C4C1DF26A1200277601 /* WeatherAPI.swift */; };
		66E19C4F1DF290B500277601 /* WeatherView.swift in Sources */ = {isa = PBXBuildFile; fileRef = 66E19C4E1DF290B500277601 /* WeatherView.swift */; };
/* End PBXBuildFile section */

/* Begin PBXContainerItemProxy section */
		66E19C2E1DF25D4B00277601 /* PBXContainerItemProxy */ = {
			isa = PBXContainerItemProxy;
			containerPortal = 66E19C161DF25D4A00277601 /* Project object */;
			proxyType = 1;
			remoteGlobalIDString = 66E19C1D1DF25D4A00277601;
			remoteInfo = WeatherBar;
		};
		66E19C391DF25D4B00277601 /* PBXContainerItemProxy */ = {
			isa = PBXContainerItemProxy;
			containerPortal = 66E19C161DF25D4A00277601 /* Project object */;
			proxyType = 1;
			remoteGlobalIDString = 66E19C1D1DF25D4A00277601;
			remoteInfo = WeatherBar;
		};
/* End PBXContainerItemProxy section */

/* Begin PBXFileReference section */
		66E19C1E1DF25D4A00277601 /* WeatherBar.app */ = {isa = PBXFileReference; explicitFileType = wrapper.application; includeInIndex = 0; path = WeatherBar.app; sourceTree = BUILT_PRODUCTS_DIR; };
		66E19C211DF25D4A00277601 /* AppDelegate.swift */ = {isa = PBXFileReference; lastKnownFileType = sourcecode.swift; path = AppDelegate.swift; sourceTree = "<group>"; };
		66E19C231DF25D4A00277601 /* Assets.xcassets */ = {isa = PBXFileReference; lastKnownFileType = folder.assetcatalog; path = Assets.xcassets; sourceTree = "<group>"; };
		66E19C261DF25D4A00277601 /* Base */ = {isa = PBXFileReference; lastKnownFileType = file.xib; name = Base; path = Base.lproj/MainMenu.xib; sourceTree = "<group>"; };
		66E19C281DF25D4A00277601 /* Info.plist */ = {isa = PBXFileReference; lastKnownFileType = text.plist.xml; path = Info.plist; sourceTree = "<group>"; };
		66E19C2D1DF25D4B00277601 /* WeatherBarTests.xctest */ = {isa = PBXFileReference; explicitFileType = wrapper.cfbundle; includeInIndex = 0; path = WeatherBarTests.xctest; sourceTree = BUILT_PRODUCTS_DIR; };
		66E19C311DF25D4B00277601 /* WeatherBarTests.swift */ = {isa = PBXFileReference; lastKnownFileType = sourcecode.swift; path = WeatherBarTests.swift; sourceTree = "<group>"; };
		66E19C331DF25D4B00277601 /* Info.plist */ = {isa = PBXFileReference; lastKnownFileType = text.plist.xml; path = Info.plist; sourceTree = "<group>"; };
		66E19C381DF25D4B00277601 /* WeatherBarUITests.xctest */ = {isa = PBXFileReference; explicitFileType = wrapper.cfbundle; includeInIndex = 0; path = WeatherBarUITests.xctest; sourceTree = BUILT_PRODUCTS_DIR; };
		66E19C3C1DF25D4B00277601 /* WeatherBarUITests.swift */ = {isa = PBXFileReference; lastKnownFileType = sourcecode.swift; path = WeatherBarUITests.swift; sourceTree = "<group>"; };
		66E19C3E1DF25D4B00277601 /* Info.plist */ = {isa = PBXFileReference; lastKnownFileType = text.plist.xml; path = Info.plist; sourceTree = "<group>"; };
		66E19C4A1DF265FF00277601 /* StatusMenuController.swift */ = {isa = PBXFileReference; fileEncoding = 4; lastKnownFileType = sourcecode.swift; path = StatusMenuController.swift; sourceTree = "<group>"; };
		66E19C4C1DF26A1200277601 /* WeatherAPI.swift */ = {isa = PBXFileReference; fileEncoding = 4; lastKnownFileType = sourcecode.swift; path = WeatherAPI.swift; sourceTree = "<group>"; };
		66E19C4E1DF290B500277601 /* WeatherView.swift */ = {isa = PBXFileReference; fileEncoding = 4; lastKnownFileType = sourcecode.swift; path = WeatherView.swift; sourceTree = "<group>"; };
/* End PBXFileReference section */

/* Begin PBXFrameworksBuildPhase section */
		66E19C1B1DF25D4A00277601 /* Frameworks */ = {
			isa = PBXFrameworksBuildPhase;
			buildActionMask = 2147483647;
			files = (
			);
			runOnlyForDeploymentPostprocessing = 0;
		};
		66E19C2A1DF25D4B00277601 /* Frameworks */ = {
			isa = PBXFrameworksBuildPhase;
			buildActionMask = 2147483647;
			files = (
			);
			runOnlyForDeploymentPostprocessing = 0;
		};
		66E19C351DF25D4B00277601 /* Frameworks */ = {
			isa = PBXFrameworksBuildPhase;
			buildActionMask = 2147483647;
			files = (
			);
			runOnlyForDeploymentPostprocessing = 0;
		};
/* End PBXFrameworksBuildPhase section */

/* Begin PBXGroup section */
		66E19C151DF25D4A00277601 = {
			isa = PBXGroup;
			children = (
				66E19C201DF25D4A00277601 /* WeatherBar */,
				66E19C301DF25D4B00277601 /* WeatherBarTests */,
				66E19C3B1DF25D4B00277601 /* WeatherBarUITests */,
				66E19C1F1DF25D4A00277601 /* Products */,
			);
			sourceTree = "<group>";
		};
		66E19C1F1DF25D4A00277601 /* Products */ = {
			isa = PBXGroup;
			children = (
				66E19C1E1DF25D4A00277601 /* WeatherBar.app */,
				66E19C2D1DF25D4B00277601 /* WeatherBarTests.xctest */,
				66E19C381DF25D4B00277601 /* WeatherBarUITests.xctest */,
			);
			name = Products;
			sourceTree = "<group>";
		};
		66E19C201DF25D4A00277601 /* WeatherBar */ = {
			isa = PBXGroup;
			children = (
				66E19C211DF25D4A00277601 /* AppDelegate.swift */,
				66E19C231DF25D4A00277601 /* Assets.xcassets */,
				66E19C251DF25D4A00277601 /* MainMenu.xib */,
				66E19C4E1DF290B500277601 /* WeatherView.swift */,
				66E19C4C1DF26A1200277601 /* WeatherAPI.swift */,
				66E19C4A1DF265FF00277601 /* StatusMenuController.swift */,
				66E19C281DF25D4A00277601 /* Info.plist */,
			);
			path = WeatherBar;
			sourceTree = "<group>";
		};
		66E19C301DF25D4B00277601 /* WeatherBarTests */ = {
			isa = PBXGroup;
			children = (
				66E19C311DF25D4B00277601 /* WeatherBarTests.swift */,
				66E19C331DF25D4B00277601 /* Info.plist */,
			);
			path = WeatherBarTests;
			sourceTree = "<group>";
		};
		66E19C3B1DF25D4B00277601 /* WeatherBarUITests */ = {
			isa = PBXGroup;
			children = (
				66E19C3C1DF25D4B00277601 /* WeatherBarUITests.swift */,
				66E19C3E1DF25D4B00277601 /* Info.plist */,
			);
			path = WeatherBarUITests;
			sourceTree = "<group>";
		};
/* End PBXGroup section */

/* Begin PBXNativeTarget section */
		66E19C1D1DF25D4A00277601 /* WeatherBar */ = {
			isa = PBXNativeTarget;
			buildConfigurationList = 66E19C411DF25D4B00277601 /* Build configuration list for PBXNativeTarget "WeatherBar" */;
			buildPhases = (
				66E19C1A1DF25D4A00277601 /* Sources */,
				66E19C1B1DF25D4A00277601 /* Frameworks */,
				66E19C1C1DF25D4A00277601 /* Resources */,
			);
			buildRules = (
			);
			dependencies = (
			);
			name = WeatherBar;
			productName = WeatherBar;
			productReference = 66E19C1E1DF25D4A00277601 /* WeatherBar.app */;
			productType = "com.apple.product-type.application";
		};
		66E19C2C1DF25D4B00277601 /* WeatherBarTests */ = {
			isa = PBXNativeTarget;
			buildConfigurationList = 66E19C441DF25D4B00277601 /* Build configuration list for PBXNativeTarget "WeatherBarTests" */;
			buildPhases = (
				66E19C291DF25D4B00277601 /* Sources */,
				66E19C2A1DF25D4B00277601 /* Frameworks */,
				66E19C2B1DF25D4B00277601 /* Resources */,
			);
			buildRules = (
			);
			dependencies = (
				66E19C2F1DF25D4B00277601 /* PBXTargetDependency */,
			);
			name = WeatherBarTests;
			productName = WeatherBarTests;
			productReference = 66E19C2D1DF25D4B00277601 /* WeatherBarTests.xctest */;
			productType = "com.apple.product-type.bundle.unit-test";
		};
		66E19C371DF25D4B00277601 /* WeatherBarUITests */ = {
			isa = PBXNativeTarget;
			buildConfigurationList = 66E19C471DF25D4B00277601 /* Build configuration list for PBXNativeTarget "WeatherBarUITests" */;
			buildPhases = (
				66E19C341DF25D4B00277601 /* Sources */,
				66E19C351DF25D4B00277601 /* Frameworks */,
				66E19C361DF25D4B00277601 /* Resources */,
			);
			buildRules = (
			);
			dependencies = (
				66E19C3A1DF25D4B00277601 /* PBXTargetDependency */,
			);
			name = WeatherBarUITests;
			productName = WeatherBarUITests;
			productReference = 66E19C381DF25D4B00277601 /* WeatherBarUITests.xctest */;
			productType = "com.apple.product-type.bundle.ui-testing";
		};
/* End PBXNativeTarget section */

/* Begin PBXProject section */
		66E19C161DF25D4A00277601 /* Project object */ = {
			isa = PBXProject;
			attributes = {
				LastSwiftUpdateCheck = 0810;
				LastUpgradeCheck = 0810;
				ORGANIZATIONNAME = "Kun Chen";
				TargetAttributes = {
					66E19C1D1DF25D4A00277601 = {
						CreatedOnToolsVersion = 8.1;
						DevelopmentTeam = PXH96M443K;
						ProvisioningStyle = Automatic;
					};
					66E19C2C1DF25D4B00277601 = {
						CreatedOnToolsVersion = 8.1;
						DevelopmentTeam = PXH96M443K;
						ProvisioningStyle = Automatic;
						TestTargetID = 66E19C1D1DF25D4A00277601;
					};
					66E19C371DF25D4B00277601 = {
						CreatedOnToolsVersion = 8.1;
						DevelopmentTeam = PXH96M443K;
						ProvisioningStyle = Automatic;
						TestTargetID = 66E19C1D1DF25D4A00277601;
					};
				};
			};
			buildConfigurationList = 66E19C191DF25D4A00277601 /* Build configuration list for PBXProject "WeatherBar" */;
			compatibilityVersion = "Xcode 3.2";
			developmentRegion = English;
			hasScannedForEncodings = 0;
			knownRegions = (
				en,
				Base,
			);
			mainGroup = 66E19C151DF25D4A00277601;
			productRefGroup = 66E19C1F1DF25D4A00277601 /* Products */;
			projectDirPath = "";
			projectRoot = "";
			targets = (
				66E19C1D1DF25D4A00277601 /* WeatherBar */,
				66E19C2C1DF25D4B00277601 /* WeatherBarTests */,
				66E19C371DF25D4B00277601 /* WeatherBarUITests */,
			);
		};
/* End PBXProject section */

/* Begin PBXResourcesBuildPhase section */
		66E19C1C1DF25D4A00277601 /* Resources */ = {
			isa = PBXResourcesBuildPhase;
			buildActionMask = 2147483647;
			files = (
				66E19C241DF25D4A00277601 /* Assets.xcassets in Resources */,
				66E19C271DF25D4A00277601 /* MainMenu.xib in Resources */,
			);
			runOnlyForDeploymentPostprocessing = 0;
		};
		66E19C2B1DF25D4B00277601 /* Resources */ = {
			isa = PBXResourcesBuildPhase;
			buildActionMask = 2147483647;
			files = (
			);
			runOnlyForDeploymentPostprocessing = 0;
		};
		66E19C361DF25D4B00277601 /* Resources */ = {
			isa = PBXResourcesBuildPhase;
			buildActionMask = 2147483647;
			files = (
			);
			runOnlyForDeploymentPostprocessing = 0;
		};
/* End PBXResourcesBuildPhase section */

/* Begin PBXSourcesBuildPhase section */
		66E19C1A1DF25D4A00277601 /* Sources */ = {
			isa = PBXSourcesBuildPhase;
			buildActionMask = 2147483647;
			files = (
				66E19C4D1DF26A1200277601 /* WeatherAPI.swift in Sources */,
				66E19C4B1DF265FF00277601 /* StatusMenuController.swift in Sources */,
				66E19C221DF25D4A00277601 /* AppDelegate.swift in Sources */,
				66E19C4F1DF290B500277601 /* WeatherView.swift in Sources */,
			);
			runOnlyForDeploymentPostprocessing = 0;
		};
		66E19C291DF25D4B00277601 /* Sources */ = {
			isa = PBXSourcesBuildPhase;
			buildActionMask = 2147483647;
			files = (
				66E19C321DF25D4B00277601 /* WeatherBarTests.swift in Sources */,
			);
			runOnlyForDeploymentPostprocessing = 0;
		};
		66E19C341DF25D4B00277601 /* Sources */ = {
			isa = PBXSourcesBuildPhase;
			buildActionMask = 2147483647;
			files = (
				66E19C3D1DF25D4B00277601 /* WeatherBarUITests.swift in Sources */,
			);
			runOnlyForDeploymentPostprocessing = 0;
		};
/* End PBXSourcesBuildPhase section */

/* Begin PBXTargetDependency section */
		66E19C2F1DF25D4B00277601 /* PBXTargetDependency */ = {
			isa = PBXTargetDependency;
			target = 66E19C1D1DF25D4A00277601 /* WeatherBar */;
			targetProxy = 66E19C2E1DF25D4B00277601 /* PBXContainerItemProxy */;
		};
		66E19C3A1DF25D4B00277601 /* PBXTargetDependency */ = {
			isa = PBXTargetDependency;
			target = 66E19C1D1DF25D4A00277601 /* WeatherBar */;
			targetProxy = 66E19C391DF25D4B00277601 /* PBXContainerItemProxy */;
		};
/* End PBXTargetDependency section */

/* Begin PBXVariantGroup section */
		66E19C251DF25D4A00277601 /* MainMenu.xib */ = {
			isa = PBXVariantGroup;
			children = (
				66E19C261DF25D4A00277601 /* Base */,
			);
			name = MainMenu.xib;
			sourceTree = "<group>";
		};
/* End PBXVariantGroup section */

/* Begin XCBuildConfiguration section */
		66E19C3F1DF25D4B00277601 /* Debug */ = {
			isa = XCBuildConfiguration;
			buildSettings = {
				ALWAYS_SEARCH_USER_PATHS = NO;
				CLANG_ANALYZER_NONNULL = YES;
				CLANG_CXX_LANGUAGE_STANDARD = "gnu++0x";
				CLANG_CXX_LIBRARY = "libc++";
				CLANG_ENABLE_MODULES = YES;
				CLANG_ENABLE_OBJC_ARC = YES;
				CLANG_WARN_BOOL_CONVERSION = YES;
				CLANG_WARN_CONSTANT_CONVERSION = YES;
				CLANG_WARN_DIRECT_OBJC_ISA_USAGE = YES_ERROR;
				CLANG_WARN_DOCUMENTATION_COMMENTS = YES;
				CLANG_WARN_EMPTY_BODY = YES;
				CLANG_WARN_ENUM_CONVERSION = YES;
				CLANG_WARN_INFINITE_RECURSION = YES;
				CLANG_WARN_INT_CONVERSION = YES;
				CLANG_WARN_OBJC_ROOT_CLASS = YES_ERROR;
				CLANG_WARN_SUSPICIOUS_MOVES = YES;
				CLANG_WARN_UNREACHABLE_CODE = YES;
				CLANG_WARN__DUPLICATE_METHOD_MATCH = YES;
				CODE_SIGN_IDENTITY = "-";
				COPY_PHASE_STRIP = NO;
				DEBUG_INFORMATION_FORMAT = dwarf;
				ENABLE_STRICT_OBJC_MSGSEND = YES;
				ENABLE_TESTABILITY = YES;
				GCC_C_LANGUAGE_STANDARD = gnu99;
				GCC_DYNAMIC_NO_PIC = NO;
				GCC_NO_COMMON_BLOCKS = YES;
				GCC_OPTIMIZATION_LEVEL = 0;
				GCC_PREPROCESSOR_DEFINITIONS = (
					"DEBUG=1",
					"$(inherited)",
				);
				GCC_WARN_64_TO_32_BIT_CONVERSION = YES;
				GCC_WARN_ABOUT_RETURN_TYPE = YES_ERROR;
				GCC_WARN_UNDECLARED_SELECTOR = YES;
				GCC_WARN_UNINITIALIZED_AUTOS = YES_AGGRESSIVE;
				GCC_WARN_UNUSED_FUNCTION = YES;
				GCC_WARN_UNUSED_VARIABLE = YES;
				MACOSX_DEPLOYMENT_TARGET = 10.12;
				MTL_ENABLE_DEBUG_INFO = YES;
				ONLY_ACTIVE_ARCH = YES;
				SDKROOT = macosx;
				SWIFT_ACTIVE_COMPILATION_CONDITIONS = DEBUG;
				SWIFT_OPTIMIZATION_LEVEL = "-Onone";
			};
			name = Debug;
		};
		66E19C401DF25D4B00277601 /* Release */ = {
			isa = XCBuildConfiguration;
			buildSettings = {
				ALWAYS_SEARCH_USER_PATHS = NO;
				CLANG_ANALYZER_NONNULL = YES;
				CLANG_CXX_LANGUAGE_STANDARD = "gnu++0x";
				CLANG_CXX_LIBRARY = "libc++";
				CLANG_ENABLE_MODULES = YES;
				CLANG_ENABLE_OBJC_ARC = YES;
				CLANG_WARN_BOOL_CONVERSION = YES;
				CLANG_WARN_CONSTANT_CONVERSION = YES;
				CLANG_WARN_DIRECT_OBJC_ISA_USAGE = YES_ERROR;
				CLANG_WARN_DOCUMENTATION_COMMENTS = YES;
				CLANG_WARN_EMPTY_BODY = YES;
				CLANG_WARN_ENUM_CONVERSION = YES;
				CLANG_WARN_INFINITE_RECURSION = YES;
				CLANG_WARN_INT_CONVERSION = YES;
				CLANG_WARN_OBJC_ROOT_CLASS = YES_ERROR;
				CLANG_WARN_SUSPICIOUS_MOVES = YES;
				CLANG_WARN_UNREACHABLE_CODE = YES;
				CLANG_WARN__DUPLICATE_METHOD_MATCH = YES;
				CODE_SIGN_IDENTITY = "-";
				COPY_PHASE_STRIP = NO;
				DEBUG_INFORMATION_FORMAT = "dwarf-with-dsym";
				ENABLE_NS_ASSERTIONS = NO;
				ENABLE_STRICT_OBJC_MSGSEND = YES;
				GCC_C_LANGUAGE_STANDARD = gnu99;
				GCC_NO_COMMON_BLOCKS = YES;
				GCC_WARN_64_TO_32_BIT_CONVERSION = YES;
				GCC_WARN_ABOUT_RETURN_TYPE = YES_ERROR;
				GCC_WARN_UNDECLARED_SELECTOR = YES;
				GCC_WARN_UNINITIALIZED_AUTOS = YES_AGGRESSIVE;
				GCC_WARN_UNUSED_FUNCTION = YES;
				GCC_WARN_UNUSED_VARIABLE = YES;
				MACOSX_DEPLOYMENT_TARGET = 10.12;
				MTL_ENABLE_DEBUG_INFO = NO;
				SDKROOT = macosx;
				SWIFT_OPTIMIZATION_LEVEL = "-Owholemodule";
			};
			name = Release;
		};
		66E19C421DF25D4B00277601 /* Debug */ = {
			isa = XCBuildConfiguration;
			buildSettings = {
				ASSETCATALOG_COMPILER_APPICON_NAME = AppIcon;
				COMBINE_HIDPI_IMAGES = YES;
				DEVELOPMENT_TEAM = PXH96M443K;
				INFOPLIST_FILE = WeatherBar/Info.plist;
				LD_RUNPATH_SEARCH_PATHS = "$(inherited) @executable_path/../Frameworks";
				PRODUCT_BUNDLE_IDENTIFIER = cc.kchen.WeatherBar;
				PRODUCT_NAME = "$(TARGET_NAME)";
				SWIFT_VERSION = 3.0;
			};
			name = Debug;
		};
		66E19C431DF25D4B00277601 /* Release */ = {
			isa = XCBuildConfiguration;
			buildSettings = {
				ASSETCATALOG_COMPILER_APPICON_NAME = AppIcon;
				COMBINE_HIDPI_IMAGES = YES;
				DEVELOPMENT_TEAM = PXH96M443K;
				INFOPLIST_FILE = WeatherBar/Info.plist;
				LD_RUNPATH_SEARCH_PATHS = "$(inherited) @executable_path/../Frameworks";
				PRODUCT_BUNDLE_IDENTIFIER = cc.kchen.WeatherBar;
				PRODUCT_NAME = "$(TARGET_NAME)";
				SWIFT_VERSION = 3.0;
			};
			name = Release;
		};
		66E19C451DF25D4B00277601 /* Debug */ = {
			isa = XCBuildConfiguration;
			buildSettings = {
				ALWAYS_EMBED_SWIFT_STANDARD_LIBRARIES = YES;
				BUNDLE_LOADER = "$(TEST_HOST)";
				COMBINE_HIDPI_IMAGES = YES;
				DEVELOPMENT_TEAM = PXH96M443K;
				INFOPLIST_FILE = WeatherBarTests/Info.plist;
				LD_RUNPATH_SEARCH_PATHS = "$(inherited) @executable_path/../Frameworks @loader_path/../Frameworks";
				PRODUCT_BUNDLE_IDENTIFIER = cc.kchen.WeatherBarTests;
				PRODUCT_NAME = "$(TARGET_NAME)";
				SWIFT_VERSION = 3.0;
				TEST_HOST = "$(BUILT_PRODUCTS_DIR)/WeatherBar.app/Contents/MacOS/WeatherBar";
			};
			name = Debug;
		};
		66E19C461DF25D4B00277601 /* Release */ = {
			isa = XCBuildConfiguration;
			buildSettings = {
				ALWAYS_EMBED_SWIFT_STANDARD_LIBRARIES = YES;
				BUNDLE_LOADER = "$(TEST_HOST)";
				COMBINE_HIDPI_IMAGES = YES;
				DEVELOPMENT_TEAM = PXH96M443K;
				INFOPLIST_FILE = WeatherBarTests/Info.plist;
				LD_RUNPATH_SEARCH_PATHS = "$(inherited) @executable_path/../Frameworks @loader_path/../Frameworks";
				PRODUCT_BUNDLE_IDENTIFIER = cc.kchen.WeatherBarTests;
				PRODUCT_NAME = "$(TARGET_NAME)";
				SWIFT_VERSION = 3.0;
				TEST_HOST = "$(BUILT_PRODUCTS_DIR)/WeatherBar.app/Contents/MacOS/WeatherBar";
			};
			name = Release;
		};
		66E19C481DF25D4B00277601 /* Debug */ = {
			isa = XCBuildConfiguration;
			buildSettings = {
				ALWAYS_EMBED_SWIFT_STANDARD_LIBRARIES = YES;
				COMBINE_HIDPI_IMAGES = YES;
				DEVELOPMENT_TEAM = PXH96M443K;
				INFOPLIST_FILE = WeatherBarUITests/Info.plist;
				LD_RUNPATH_SEARCH_PATHS = "$(inherited) @executable_path/../Frameworks @loader_path/../Frameworks";
				PRODUCT_BUNDLE_IDENTIFIER = cc.kchen.WeatherBarUITests;
				PRODUCT_NAME = "$(TARGET_NAME)";
				SWIFT_VERSION = 3.0;
				TEST_TARGET_NAME = WeatherBar;
			};
			name = Debug;
		};
		66E19C491DF25D4B00277601 /* Release */ = {
			isa = XCBuildConfiguration;
			buildSettings = {
				ALWAYS_EMBED_SWIFT_STANDARD_LIBRARIES = YES;
				COMBINE_HIDPI_IMAGES = YES;
				DEVELOPMENT_TEAM = PXH96M443K;
				INFOPLIST_FILE = WeatherBarUITests/Info.plist;
				LD_RUNPATH_SEARCH_PATHS = "$(inherited) @executable_path/../Frameworks @loader_path/../Frameworks";
				PRODUCT_BUNDLE_IDENTIFIER = cc.kchen.WeatherBarUITests;
				PRODUCT_NAME = "$(TARGET_NAME)";
				SWIFT_VERSION = 3.0;
				TEST_TARGET_NAME = WeatherBar;
			};
			name = Release;
		};
/* End XCBuildConfiguration section */

/* Begin XCConfigurationList section */
		66E19C191DF25D4A00277601 /* Build configuration list for PBXProject "WeatherBar" */ = {
			isa = XCConfigurationList;
			buildConfigurations = (
				66E19C3F1DF25D4B00277601 /* Debug */,
				66E19C401DF25D4B00277601 /* Release */,
			);
			defaultConfigurationIsVisible = 0;
			defaultConfigurationName = Release;
		};
		66E19C411DF25D4B00277601 /* Build configuration list for PBXNativeTarget "WeatherBar" */ = {
			isa = XCConfigurationList;
			buildConfigurations = (
				66E19C421DF25D4B00277601 /* Debug */,
				66E19C431DF25D4B00277601 /* Release */,
			);
			defaultConfigurationIsVisible = 0;
		};
		66E19C441DF25D4B00277601 /* Build configuration list for PBXNativeTarget "WeatherBarTests" */ = {
			isa = XCConfigurationList;
			buildConfigurations = (
				66E19C451DF25D4B00277601 /* Debug */,
				66E19C461DF25D4B00277601 /* Release */,
			);
			defaultConfigurationIsVisible = 0;
		};
		66E19C471DF25D4B00277601 /* Build configuration list for PBXNativeTarget "WeatherBarUITests" */ = {
			isa = XCConfigurationList;
			buildConfigurations = (
				66E19C481DF25D4B00277601 /* Debug */,
				66E19C491DF25D4B00277601 /* Release */,
			);
			defaultConfigurationIsVisible = 0;
		};
/* End XCConfigurationList section */
	};
	rootObject = 66E19C161DF25D4A00277601 /* Project object */;
}
